{
  "requires": true,
  "lockfileVersion": 1,
  "dependencies": {
    "async-listener": {
      "version": "0.6.7",
      "resolved": "https://registry.npmjs.org/async-listener/-/async-listener-0.6.7.tgz",
      "integrity": "sha512-6Bmzy9dHE1WWZdru7teS6kecmOy42cCzumQOn57vHa/49kjPMExdPLozDvr25J0hbQf5wMwFitJKnO7O3eqh2A==",
      "requires": {
        "semver": "5.3.0",
        "shimmer": "1.1.0"
      }
    },
    "async-profile": {
      "version": "0.4.0",
      "resolved": "https://registry.npmjs.org/async-profile/-/async-profile-0.4.0.tgz",
      "integrity": "sha1-0wQNazPTJIyXaH5uUl6rxN4YJgg=",
      "requires": {
        "async-listener": "0.4.5"
      },
      "dependencies": {
        "async-listener": {
          "version": "0.4.5",
          "resolved": "https://registry.npmjs.org/async-listener/-/async-listener-0.4.5.tgz",
          "integrity": "sha1-6iRoKHmbOdtArwgi9qzV770wRKs=",
          "requires": {
            "shimmer": "1.0.0"
          }
        },
        "shimmer": {
          "version": "1.0.0",
          "resolved": "https://registry.npmjs.org/shimmer/-/shimmer-1.0.0.tgz",
          "integrity": "sha1-ScLXHGeDYLgCvhiyeDgtHLuAXDk="
        }
      }
    },
    "asynctrace": {
      "version": "1.6.3",
      "resolved": "https://registry.npmjs.org/asynctrace/-/asynctrace-1.6.3.tgz",
      "integrity": "sha1-QVhi/0g5NkaHRa2Qy+DjiZUt1ro=",
      "requires": {
        "async-listener": "0.6.7",
        "shimmer": "1.1.0"
      }
    },
    "semver": {
      "version": "5.3.0",
      "resolved": "https://registry.npmjs.org/semver/-/semver-5.3.0.tgz",
      "integrity": "sha1-myzl094C0XxgEq0yaqa00M9U+U8="
    },
    "shimmer": {
      "version": "1.1.0",
      "resolved": "https://registry.npmjs.org/shimmer/-/shimmer-1.1.0.tgz",
      "integrity": "sha1-l9c3cTf/u6tCVSLkKf4KqJpIizU="
    },
    "superstacktrace": {
      "version": "1.0.0",
      "resolved": "https://registry.npmjs.org/superstacktrace/-/superstacktrace-1.0.0.tgz",
      "integrity": "sha1-sx/tjBkccAYwHsX9nokZaftFy+w=",
      "requires": {
        "async-listener": "0.5.8"
      },
      "dependencies": {
        "async-listener": {
          "version": "0.5.8",
          "resolved": "https://registry.npmjs.org/async-listener/-/async-listener-0.5.8.tgz",
          "integrity": "sha1-J6x4uyye0Z2wiHxR2PeFXmJTFvo=",
          "requires": {
            "shimmer": "1.0.0"
          }
        },
        "shimmer": {
          "version": "1.0.0",
          "resolved": "https://registry.npmjs.org/shimmer/-/shimmer-1.0.0.tgz",
          "integrity": "sha1-ScLXHGeDYLgCvhiyeDgtHLuAXDk="
        }
      }
    }
  }
}
